
Microsoft Visual Studio Solution File, Format Version 12.00
# Visual Studio Version 16
VisualStudioVersion = 16.0.29025.244
MinimumVisualStudioVersion = 10.0.40219.1
Project("{9A19103F-16F7-4668-BE54-9A1E7A4F7556}") = "Echo.VIID", "Echo.VIID\Echo.VIID.csproj", "{CC700753-3869-4663-B2E2-A8427A89086A}"
EndProject
Project("{FAE04EC0-301F-11D3-BF4B-00C04F79EFBC}") = "Echo.VIID.Test", "Echo.VIID.Test\Echo.VIID.Test.csproj", "{7E0ACDC8-2007-4239-8852-C18B9EFC39B5}"
EndProject
Global
	GlobalSection(SolutionConfigurationPlatforms) = preSolution
		Debug|Any CPU = Debug|Any CPU
		Release|Any CPU = Release|Any CPU
	EndGlobalSection
	GlobalSection(ProjectConfigurationPlatforms) = postSolution
		{CC700753-3869-4663-B2E2-A8427A89086A}.Debug|Any CPU.ActiveCfg = Debug|Any CPU
		{CC700753-3869-4663-B2E2-A8427A89086A}.Debug|Any CPU.Build.0 = Debug|Any CPU
		{CC700753-3869-4663-B2E2-A8427A89086A}.Release|Any CPU.ActiveCfg = Release|Any CPU
		{CC700753-3869-4663-B2E2-A8427A89086A}.Release|Any CPU.Build.0 = Release|Any CPU
		{7E0ACDC8-2007-4239-8852-C18B9EFC39B5}.Debug|Any CPU.ActiveCfg = Debug|Any CPU
		{7E0ACDC8-2007-4239-8852-C18B9EFC39B5}.Debug|Any CPU.Build.0 = Debug|Any CPU
		{7E0ACDC8-2007-4239-8852-C18B9EFC39B5}.Release|Any CPU.ActiveCfg = Release|Any CPU
		{7E0ACDC8-2007-4239-8852-C18B9EFC39B5}.Release|Any CPU.Build.0 = Release|Any CPU
	EndGlobalSection
	GlobalSection(SolutionProperties) = preSolution
		HideSolutionNode = FALSE
	EndGlobalSection
	GlobalSection(ExtensibilityGlobals) = postSolution
		SolutionGuid = {1695B526-1E07-4137-A9B5-DB228B4E8FBB}
	EndGlobalSection
EndGlobal
